
Microsoft Visual Studio Solution File, Format Version 12.00
# Visual Studio Version 16
VisualStudioVersion = 16.0.31205.134
MinimumVisualStudioVersion = 10.0.40219.1
Project("{FAE04EC0-301F-11D3-BF4B-00C04F79EFBC}") = "sebduruz_WebScraper", "sebduruz_WebScraper\sebduruz_WebScraper.csproj", "{4D3D1EF5-CBF6-4725-B1D2-E338AA7F9E5A}"
EndProject
Global
	GlobalSection(SolutionConfigurationPlatforms) = preSolution
		Debug|Any CPU = Debug|Any CPU
		Release|Any CPU = Release|Any CPU
	EndGlobalSection
	GlobalSection(ProjectConfigurationPlatforms) = postSolution
		{4D3D1EF5-CBF6-4725-B1D2-E338AA7F9E5A}.Debug|Any CPU.ActiveCfg = Debug|Any CPU
		{4D3D1EF5-CBF6-4725-B1D2-E338AA7F9E5A}.Debug|Any CPU.Build.0 = Debug|Any CPU
		{4D3D1EF5-CBF6-4725-B1D2-E338AA7F9E5A}.Release|Any CPU.ActiveCfg = Release|Any CPU
		{4D3D1EF5-CBF6-4725-B1D2-E338AA7F9E5A}.Release|Any CPU.Build.0 = Release|Any CPU
	EndGlobalSection
	GlobalSection(SolutionProperties) = preSolution
		HideSolutionNode = FALSE
	EndGlobalSection
	GlobalSection(ExtensibilityGlobals) = postSolution
		SolutionGuid = {916922E3-2737-400E-A3C6-CF1B5AFCBD73}
	EndGlobalSection
EndGlobal
