
Microsoft Visual Studio Solution File, Format Version 12.00
# Visual Studio Version 17
VisualStudioVersion = 17.0.31912.275
MinimumVisualStudioVersion = 10.0.40219.1
Project("{FAE04EC0-301F-11D3-BF4B-00C04F79EFBC}") = "P044_SmartThesaurus", "P044_SmartThesaurus\P044_SmartThesaurus.csproj", "{72EB7573-4B0F-430A-BC55-02E4154BBE45}"
EndProject
Global
	GlobalSection(SolutionConfigurationPlatforms) = preSolution
		Debug|Any CPU = Debug|Any CPU
		Release|Any CPU = Release|Any CPU
	EndGlobalSection
	GlobalSection(ProjectConfigurationPlatforms) = postSolution
		{72EB7573-4B0F-430A-BC55-02E4154BBE45}.Debug|Any CPU.ActiveCfg = Debug|Any CPU
		{72EB7573-4B0F-430A-BC55-02E4154BBE45}.Debug|Any CPU.Build.0 = Debug|Any CPU
		{72EB7573-4B0F-430A-BC55-02E4154BBE45}.Release|Any CPU.ActiveCfg = Release|Any CPU
		{72EB7573-4B0F-430A-BC55-02E4154BBE45}.Release|Any CPU.Build.0 = Release|Any CPU
	EndGlobalSection
	GlobalSection(SolutionProperties) = preSolution
		HideSolutionNode = FALSE
	EndGlobalSection
	GlobalSection(ExtensibilityGlobals) = postSolution
		SolutionGuid = {E64C55D8-EF3D-40D4-85BA-939EDD624F8F}
	EndGlobalSection
EndGlobal
