
Microsoft Visual Studio Solution File, Format Version 12.00
# Visual Studio Version 16
VisualStudioVersion = 16.0.30804.86
MinimumVisualStudioVersion = 10.0.40219.1
Project("{FAE04EC0-301F-11D3-BF4B-00C04F79EFBC}") = "sebduruz_indexTestProject", "sebduruz_indexTestProject\sebduruz_indexTestProject.csproj", "{D801DFCB-7BCA-4AC9-B5BF-5EE08D32F1F3}"
EndProject
Global
	GlobalSection(SolutionConfigurationPlatforms) = preSolution
		Debug|Any CPU = Debug|Any CPU
		Release|Any CPU = Release|Any CPU
	EndGlobalSection
	GlobalSection(ProjectConfigurationPlatforms) = postSolution
		{D801DFCB-7BCA-4AC9-B5BF-5EE08D32F1F3}.Debug|Any CPU.ActiveCfg = Debug|Any CPU
		{D801DFCB-7BCA-4AC9-B5BF-5EE08D32F1F3}.Debug|Any CPU.Build.0 = Debug|Any CPU
		{D801DFCB-7BCA-4AC9-B5BF-5EE08D32F1F3}.Release|Any CPU.ActiveCfg = Release|Any CPU
		{D801DFCB-7BCA-4AC9-B5BF-5EE08D32F1F3}.Release|Any CPU.Build.0 = Release|Any CPU
	EndGlobalSection
	GlobalSection(SolutionProperties) = preSolution
		HideSolutionNode = FALSE
	EndGlobalSection
	GlobalSection(ExtensibilityGlobals) = postSolution
		SolutionGuid = {CD65FA22-1364-45A1-8F7B-DAC8A0379E5C}
	EndGlobalSection
EndGlobal
